<?xml version="1.0" encoding="utf-8"?>
<Project ToolsVersion="4.0" xmlns="http://schemas.microsoft.com/developer/msbuild/2003">
  <ItemGroup>
    <Filter Include="Spark">
      <UniqueIdentifier>{26081C0E-921C-44BF-5B9E-E71EC77140F0}</UniqueIdentifier>
    </Filter>
  </ItemGroup>
  <ItemGroup>
    <ClInclude Include="src\Spark.h" />
    <ClInclude Include="src\Spark\Application.h">
      <Filter>Spark</Filter>
    </ClInclude>
    <ClInclude Include="src\Spark\Core.h">
      <Filter>Spark</Filter>
    </ClInclude>
    <ClInclude Include="src\Spark\EntryPoint.h">
      <Filter>Spark</Filter>
    </ClInclude>
    <ClInclude Include="src\Spark\Log.h">
      <Filter>Spark</Filter>
    </ClInclude>
  </ItemGroup>
  <ItemGroup>
    <ClCompile Include="src\Spark\Application.cpp">
      <Filter>Spark</Filter>
    </ClCompile>
    <ClCompile Include="src\Spark\Log.cpp">
      <Filter>Spark</Filter>
    </ClCompile>
  </ItemGroup>
</Project>